
Microsoft Visual Studio Solution File, Format Version 12.00
# Visual Studio Version 17
VisualStudioVersion = 17.1.32421.90
MinimumVisualStudioVersion = 10.0.40219.1
Project("{FAE04EC0-301F-11D3-BF4B-00C04F79EFBC}") = "compras", "compras\compras.csproj", "{0E207A04-1124-4221-9BD5-219D9D1A79CC}"
EndProject
Global
	GlobalSection(SolutionConfigurationPlatforms) = preSolution
		Debug|Any CPU = Debug|Any CPU
		Release|Any CPU = Release|Any CPU
	EndGlobalSection
	GlobalSection(ProjectConfigurationPlatforms) = postSolution
		{0E207A04-1124-4221-9BD5-219D9D1A79CC}.Debug|Any CPU.ActiveCfg = Debug|Any CPU
		{0E207A04-1124-4221-9BD5-219D9D1A79CC}.Debug|Any CPU.Build.0 = Debug|Any CPU
		{0E207A04-1124-4221-9BD5-219D9D1A79CC}.Release|Any CPU.ActiveCfg = Release|Any CPU
		{0E207A04-1124-4221-9BD5-219D9D1A79CC}.Release|Any CPU.Build.0 = Release|Any CPU
	EndGlobalSection
	GlobalSection(SolutionProperties) = preSolution
		HideSolutionNode = FALSE
	EndGlobalSection
	GlobalSection(ExtensibilityGlobals) = postSolution
		SolutionGuid = {F8FBCBCE-D6E4-4EA7-AAB7-2F68D19EF087}
	EndGlobalSection
EndGlobal
