
Microsoft Visual Studio Solution File, Format Version 12.00
# Visual Studio Version 17
VisualStudioVersion = 17.1.32421.90
MinimumVisualStudioVersion = 10.0.40219.1
Project("{FAE04EC0-301F-11D3-BF4B-00C04F79EFBC}") = "sobreescriturademetodos", "sobreescriturademetodos\sobreescriturademetodos.csproj", "{D1C7CD5E-6703-431F-861E-849C89686B5D}"
EndProject
Global
	GlobalSection(SolutionConfigurationPlatforms) = preSolution
		Debug|Any CPU = Debug|Any CPU
		Release|Any CPU = Release|Any CPU
	EndGlobalSection
	GlobalSection(ProjectConfigurationPlatforms) = postSolution
		{D1C7CD5E-6703-431F-861E-849C89686B5D}.Debug|Any CPU.ActiveCfg = Debug|Any CPU
		{D1C7CD5E-6703-431F-861E-849C89686B5D}.Debug|Any CPU.Build.0 = Debug|Any CPU
		{D1C7CD5E-6703-431F-861E-849C89686B5D}.Release|Any CPU.ActiveCfg = Release|Any CPU
		{D1C7CD5E-6703-431F-861E-849C89686B5D}.Release|Any CPU.Build.0 = Release|Any CPU
	EndGlobalSection
	GlobalSection(SolutionProperties) = preSolution
		HideSolutionNode = FALSE
	EndGlobalSection
	GlobalSection(ExtensibilityGlobals) = postSolution
		SolutionGuid = {8B7ED5AF-C64A-4C42-8A8F-449875432F5F}
	EndGlobalSection
EndGlobal
