
Microsoft Visual Studio Solution File, Format Version 12.00
# Visual Studio Version 17
VisualStudioVersion = 17.1.32421.90
MinimumVisualStudioVersion = 10.0.40219.1
Project("{FAE04EC0-301F-11D3-BF4B-00C04F79EFBC}") = "colecciones", "colecciones\colecciones.csproj", "{9299D381-439C-4D37-914D-F45603ECC556}"
EndProject
Global
	GlobalSection(SolutionConfigurationPlatforms) = preSolution
		Debug|Any CPU = Debug|Any CPU
		Release|Any CPU = Release|Any CPU
	EndGlobalSection
	GlobalSection(ProjectConfigurationPlatforms) = postSolution
		{9299D381-439C-4D37-914D-F45603ECC556}.Debug|Any CPU.ActiveCfg = Debug|Any CPU
		{9299D381-439C-4D37-914D-F45603ECC556}.Debug|Any CPU.Build.0 = Debug|Any CPU
		{9299D381-439C-4D37-914D-F45603ECC556}.Release|Any CPU.ActiveCfg = Release|Any CPU
		{9299D381-439C-4D37-914D-F45603ECC556}.Release|Any CPU.Build.0 = Release|Any CPU
	EndGlobalSection
	GlobalSection(SolutionProperties) = preSolution
		HideSolutionNode = FALSE
	EndGlobalSection
	GlobalSection(ExtensibilityGlobals) = postSolution
		SolutionGuid = {B38A67E9-2CF4-4F36-AF84-3E0F7FC75E0F}
	EndGlobalSection
EndGlobal
