
Microsoft Visual Studio Solution File, Format Version 12.00
# Visual Studio Version 17
VisualStudioVersion = 17.4.33213.308
MinimumVisualStudioVersion = 10.0.40219.1
Project("{FAE04EC0-301F-11D3-BF4B-00C04F79EFBC}") = "PracticaPokedex", "PracticaPokedex\PracticaPokedex.csproj", "{A0FDA90D-A86C-4FBA-89E8-7C5B05D0DB17}"
EndProject
Project("{FAE04EC0-301F-11D3-BF4B-00C04F79EFBC}") = "Dominio", "Dominio\Dominio.csproj", "{955B3FEF-293B-4D18-95DD-9373697AA814}"
EndProject
Project("{FAE04EC0-301F-11D3-BF4B-00C04F79EFBC}") = "Negocio", "Negocio\Negocio.csproj", "{DF27D9D3-FDEC-4ACB-89D6-B9D2636A18A2}"
EndProject
Global
	GlobalSection(SolutionConfigurationPlatforms) = preSolution
		Debug|Any CPU = Debug|Any CPU
		Release|Any CPU = Release|Any CPU
	EndGlobalSection
	GlobalSection(ProjectConfigurationPlatforms) = postSolution
		{A0FDA90D-A86C-4FBA-89E8-7C5B05D0DB17}.Debug|Any CPU.ActiveCfg = Debug|Any CPU
		{A0FDA90D-A86C-4FBA-89E8-7C5B05D0DB17}.Debug|Any CPU.Build.0 = Debug|Any CPU
		{A0FDA90D-A86C-4FBA-89E8-7C5B05D0DB17}.Release|Any CPU.ActiveCfg = Release|Any CPU
		{A0FDA90D-A86C-4FBA-89E8-7C5B05D0DB17}.Release|Any CPU.Build.0 = Release|Any CPU
		{955B3FEF-293B-4D18-95DD-9373697AA814}.Debug|Any CPU.ActiveCfg = Debug|Any CPU
		{955B3FEF-293B-4D18-95DD-9373697AA814}.Debug|Any CPU.Build.0 = Debug|Any CPU
		{955B3FEF-293B-4D18-95DD-9373697AA814}.Release|Any CPU.ActiveCfg = Release|Any CPU
		{955B3FEF-293B-4D18-95DD-9373697AA814}.Release|Any CPU.Build.0 = Release|Any CPU
		{DF27D9D3-FDEC-4ACB-89D6-B9D2636A18A2}.Debug|Any CPU.ActiveCfg = Debug|Any CPU
		{DF27D9D3-FDEC-4ACB-89D6-B9D2636A18A2}.Debug|Any CPU.Build.0 = Debug|Any CPU
		{DF27D9D3-FDEC-4ACB-89D6-B9D2636A18A2}.Release|Any CPU.ActiveCfg = Release|Any CPU
		{DF27D9D3-FDEC-4ACB-89D6-B9D2636A18A2}.Release|Any CPU.Build.0 = Release|Any CPU
	EndGlobalSection
	GlobalSection(SolutionProperties) = preSolution
		HideSolutionNode = FALSE
	EndGlobalSection
	GlobalSection(ExtensibilityGlobals) = postSolution
		SolutionGuid = {A30BFF91-56BD-48F7-85B6-275A0AB6CB67}
	EndGlobalSection
EndGlobal
