
Microsoft Visual Studio Solution File, Format Version 12.00
# Visual Studio Version 17
VisualStudioVersion = 17.1.32421.90
MinimumVisualStudioVersion = 10.0.40219.1
Project("{FAE04EC0-301F-11D3-BF4B-00C04F79EFBC}") = "Desafío 1", "Desafío 1\Desafío 1.csproj", "{CE19071F-F020-4151-BE46-659D8E675003}"
EndProject
Global
	GlobalSection(SolutionConfigurationPlatforms) = preSolution
		Debug|Any CPU = Debug|Any CPU
		Release|Any CPU = Release|Any CPU
	EndGlobalSection
	GlobalSection(ProjectConfigurationPlatforms) = postSolution
		{CE19071F-F020-4151-BE46-659D8E675003}.Debug|Any CPU.ActiveCfg = Debug|Any CPU
		{CE19071F-F020-4151-BE46-659D8E675003}.Debug|Any CPU.Build.0 = Debug|Any CPU
		{CE19071F-F020-4151-BE46-659D8E675003}.Release|Any CPU.ActiveCfg = Release|Any CPU
		{CE19071F-F020-4151-BE46-659D8E675003}.Release|Any CPU.Build.0 = Release|Any CPU
	EndGlobalSection
	GlobalSection(SolutionProperties) = preSolution
		HideSolutionNode = FALSE
	EndGlobalSection
	GlobalSection(ExtensibilityGlobals) = postSolution
		SolutionGuid = {69402FCA-BC06-4CAD-BD2C-D56D998C1145}
	EndGlobalSection
EndGlobal
