
Microsoft Visual Studio Solution File, Format Version 12.00
# Visual Studio Version 17
VisualStudioVersion = 17.1.32421.90
MinimumVisualStudioVersion = 10.0.40219.1
Project("{FAE04EC0-301F-11D3-BF4B-00C04F79EFBC}") = "Formulario1", "Formulario1\Formulario1.csproj", "{672C8128-8FB1-4EF9-B738-5AA59D777EEF}"
EndProject
Global
	GlobalSection(SolutionConfigurationPlatforms) = preSolution
		Debug|Any CPU = Debug|Any CPU
		Release|Any CPU = Release|Any CPU
	EndGlobalSection
	GlobalSection(ProjectConfigurationPlatforms) = postSolution
		{672C8128-8FB1-4EF9-B738-5AA59D777EEF}.Debug|Any CPU.ActiveCfg = Debug|Any CPU
		{672C8128-8FB1-4EF9-B738-5AA59D777EEF}.Debug|Any CPU.Build.0 = Debug|Any CPU
		{672C8128-8FB1-4EF9-B738-5AA59D777EEF}.Release|Any CPU.ActiveCfg = Release|Any CPU
		{672C8128-8FB1-4EF9-B738-5AA59D777EEF}.Release|Any CPU.Build.0 = Release|Any CPU
	EndGlobalSection
	GlobalSection(SolutionProperties) = preSolution
		HideSolutionNode = FALSE
	EndGlobalSection
	GlobalSection(ExtensibilityGlobals) = postSolution
		SolutionGuid = {1CCA6FE2-C6D8-49E6-B7D0-668C27CC92F7}
	EndGlobalSection
EndGlobal
